
Microsoft Visual Studio Solution File, Format Version 12.00
# Visual Studio Version 16
VisualStudioVersion = 16.0.29324.140
MinimumVisualStudioVersion = 10.0.40219.1
Project("{9A19103F-16F7-4668-BE54-9A1E7A4F7556}") = "RavenBOT.Common", "RavenBOT.Common\RavenBOT.Common.csproj", "{72C7C0B1-D00F-4B9C-BE59-39A54BEAB407}"
EndProject
Project("{9A19103F-16F7-4668-BE54-9A1E7A4F7556}") = "RavenBOT.Services.Reactive", "RavenBOT.Services.Reactive\RavenBOT.Services.Reactive.csproj", "{564EDDBC-8ADA-4A5D-92A8-ABC9FC768A04}"
EndProject
Project("{9A19103F-16F7-4668-BE54-9A1E7A4F7556}") = "RavenBOT.Services.ConfigManager", "RavenBOT.Services.ConfigManager\RavenBOT.Services.ConfigManager.csproj", "{1A6E8F17-9D4D-4BE3-BEE9-89287B5AF3B2}"
EndProject
Project("{9A19103F-16F7-4668-BE54-9A1E7A4F7556}") = "RavenBOT.Database.LiteDatabase", "RavenBOT.Database.LiteDatabase\RavenBOT.Database.LiteDatabase.csproj", "{A81FD1C0-F827-48ED-8958-4F2FB246E009}"
EndProject
Project("{9A19103F-16F7-4668-BE54-9A1E7A4F7556}") = "RavenBOT.Database.RavenDatabase", "RavenBOT.Database.RavenDatabase\RavenBOT.Database.RavenDatabase.csproj", "{F49C0BD8-CF3A-4478-92A2-D2DEA8732DF1}"
EndProject
Project("{9A19103F-16F7-4668-BE54-9A1E7A4F7556}") = "RavenBOT.Database.RavenEmbedded", "RavenBOT.Database.RavenEmbedded\RavenBOT.Database.RavenEmbedded.csproj", "{ABA73513-67BB-4D84-BCAC-2412C6DF6F24}"
EndProject
Project("{9A19103F-16F7-4668-BE54-9A1E7A4F7556}") = "RavenBOT.Services.HelpService", "RavenBOT.Services.HelpService\RavenBOT.Services.HelpService.csproj", "{B229131A-1C1F-4062-B474-DBF7B896CAA4}"
EndProject
Project("{9A19103F-16F7-4668-BE54-9A1E7A4F7556}") = "RavenBOT.Services.ModuleLoader", "RavenBOT.Services.ModuleLoader\RavenBOT.Services.ModuleLoader.csproj", "{F718F048-FFE4-4EF8-A494-900B1CD836F7}"
EndProject
Global
	GlobalSection(SolutionConfigurationPlatforms) = preSolution
		Debug|Any CPU = Debug|Any CPU
		Release|Any CPU = Release|Any CPU
	EndGlobalSection
	GlobalSection(ProjectConfigurationPlatforms) = postSolution
		{72C7C0B1-D00F-4B9C-BE59-39A54BEAB407}.Debug|Any CPU.ActiveCfg = Debug|Any CPU
		{72C7C0B1-D00F-4B9C-BE59-39A54BEAB407}.Debug|Any CPU.Build.0 = Debug|Any CPU
		{72C7C0B1-D00F-4B9C-BE59-39A54BEAB407}.Release|Any CPU.ActiveCfg = Release|Any CPU
		{72C7C0B1-D00F-4B9C-BE59-39A54BEAB407}.Release|Any CPU.Build.0 = Release|Any CPU
		{564EDDBC-8ADA-4A5D-92A8-ABC9FC768A04}.Debug|Any CPU.ActiveCfg = Debug|Any CPU
		{564EDDBC-8ADA-4A5D-92A8-ABC9FC768A04}.Debug|Any CPU.Build.0 = Debug|Any CPU
		{564EDDBC-8ADA-4A5D-92A8-ABC9FC768A04}.Release|Any CPU.ActiveCfg = Release|Any CPU
		{564EDDBC-8ADA-4A5D-92A8-ABC9FC768A04}.Release|Any CPU.Build.0 = Release|Any CPU
		{1A6E8F17-9D4D-4BE3-BEE9-89287B5AF3B2}.Debug|Any CPU.ActiveCfg = Debug|Any CPU
		{1A6E8F17-9D4D-4BE3-BEE9-89287B5AF3B2}.Debug|Any CPU.Build.0 = Debug|Any CPU
		{1A6E8F17-9D4D-4BE3-BEE9-89287B5AF3B2}.Release|Any CPU.ActiveCfg = Release|Any CPU
		{1A6E8F17-9D4D-4BE3-BEE9-89287B5AF3B2}.Release|Any CPU.Build.0 = Release|Any CPU
		{A81FD1C0-F827-48ED-8958-4F2FB246E009}.Debug|Any CPU.ActiveCfg = Debug|Any CPU
		{A81FD1C0-F827-48ED-8958-4F2FB246E009}.Debug|Any CPU.Build.0 = Debug|Any CPU
		{A81FD1C0-F827-48ED-8958-4F2FB246E009}.Release|Any CPU.ActiveCfg = Release|Any CPU
		{A81FD1C0-F827-48ED-8958-4F2FB246E009}.Release|Any CPU.Build.0 = Release|Any CPU
		{F49C0BD8-CF3A-4478-92A2-D2DEA8732DF1}.Debug|Any CPU.ActiveCfg = Debug|Any CPU
		{F49C0BD8-CF3A-4478-92A2-D2DEA8732DF1}.Debug|Any CPU.Build.0 = Debug|Any CPU
		{F49C0BD8-CF3A-4478-92A2-D2DEA8732DF1}.Release|Any CPU.ActiveCfg = Release|Any CPU
		{F49C0BD8-CF3A-4478-92A2-D2DEA8732DF1}.Release|Any CPU.Build.0 = Release|Any CPU
		{ABA73513-67BB-4D84-BCAC-2412C6DF6F24}.Debug|Any CPU.ActiveCfg = Debug|Any CPU
		{ABA73513-67BB-4D84-BCAC-2412C6DF6F24}.Debug|Any CPU.Build.0 = Debug|Any CPU
		{ABA73513-67BB-4D84-BCAC-2412C6DF6F24}.Release|Any CPU.ActiveCfg = Release|Any CPU
		{ABA73513-67BB-4D84-BCAC-2412C6DF6F24}.Release|Any CPU.Build.0 = Release|Any CPU
		{B229131A-1C1F-4062-B474-DBF7B896CAA4}.Debug|Any CPU.ActiveCfg = Debug|Any CPU
		{B229131A-1C1F-4062-B474-DBF7B896CAA4}.Debug|Any CPU.Build.0 = Debug|Any CPU
		{B229131A-1C1F-4062-B474-DBF7B896CAA4}.Release|Any CPU.ActiveCfg = Release|Any CPU
		{B229131A-1C1F-4062-B474-DBF7B896CAA4}.Release|Any CPU.Build.0 = Release|Any CPU
		{F718F048-FFE4-4EF8-A494-900B1CD836F7}.Debug|Any CPU.ActiveCfg = Debug|Any CPU
		{F718F048-FFE4-4EF8-A494-900B1CD836F7}.Debug|Any CPU.Build.0 = Debug|Any CPU
		{F718F048-FFE4-4EF8-A494-900B1CD836F7}.Release|Any CPU.ActiveCfg = Release|Any CPU
		{F718F048-FFE4-4EF8-A494-900B1CD836F7}.Release|Any CPU.Build.0 = Release|Any CPU
	EndGlobalSection
	GlobalSection(SolutionProperties) = preSolution
		HideSolutionNode = FALSE
	EndGlobalSection
	GlobalSection(ExtensibilityGlobals) = postSolution
		SolutionGuid = {41B4FB58-03AB-4DDC-9467-08847B24F95B}
	EndGlobalSection
EndGlobal
