
Microsoft Visual Studio Solution File, Format Version 12.00
# Visual Studio Version 16
VisualStudioVersion = 16.0.29324.140
MinimumVisualStudioVersion = 10.0.40219.1
Project("{9A19103F-16F7-4668-BE54-9A1E7A4F7556}") = "RavenBOT.Common", "RavenBOT.Common\RavenBOT.Common.csproj", "{72C7C0B1-D00F-4B9C-BE59-39A54BEAB407}"
EndProject
Project("{9A19103F-16F7-4668-BE54-9A1E7A4F7556}") = "RavenBOT.Core Dev", "RavenBOT.Core\RavenBOT.Core Dev.csproj", "{AC929FCB-B386-48BA-AA94-FC1A939E115C}"
EndProject
Project("{9A19103F-16F7-4668-BE54-9A1E7A4F7556}") = "RavenBOT.Database.LiteDatabase Dev", "RavenBOT.Database.LiteDatabase\RavenBOT.Database.LiteDatabase Dev.csproj", "{E9D7CB47-333C-4D6F-8254-1BC57C9B20E2}"
EndProject
Project("{9A19103F-16F7-4668-BE54-9A1E7A4F7556}") = "RavenBOT.Database.RavenDatabase Dev", "RavenBOT.Database.RavenDatabase\RavenBOT.Database.RavenDatabase Dev.csproj", "{04B62247-0110-47C7-8F5F-5722A8CA5270}"
EndProject
Project("{9A19103F-16F7-4668-BE54-9A1E7A4F7556}") = "RavenBOT.Database.RavenEmbedded Dev", "RavenBOT.Database.RavenEmbedded\RavenBOT.Database.RavenEmbedded Dev.csproj", "{1F6FF26F-778D-4CF6-8026-A67B6AFCE21D}"
EndProject
Project("{9A19103F-16F7-4668-BE54-9A1E7A4F7556}") = "RavenBOT.LiteDatabase Dev", "RavenBOT.LiteDatabase\RavenBOT.LiteDatabase Dev.csproj", "{8E60ABEE-B148-4BDA-835E-D703495D9320}"
EndProject
Project("{9A19103F-16F7-4668-BE54-9A1E7A4F7556}") = "RavenBOT.RavenDatabase Dev", "RavenBOT.RavenDatabase\RavenBOT.RavenDatabase Dev.csproj", "{67536120-5BBE-4732-85D0-CA2205B280D6}"
EndProject
Project("{9A19103F-16F7-4668-BE54-9A1E7A4F7556}") = "RavenBOT.RavenEmbedded Dev", "RavenBOT.RavenEmbedded\RavenBOT.RavenEmbedded Dev.csproj", "{81E3E678-8CF7-4521-955B-F827417F9073}"
EndProject
Global
	GlobalSection(SolutionConfigurationPlatforms) = preSolution
		Debug|Any CPU = Debug|Any CPU
		Release|Any CPU = Release|Any CPU
	EndGlobalSection
	GlobalSection(ProjectConfigurationPlatforms) = postSolution
		{72C7C0B1-D00F-4B9C-BE59-39A54BEAB407}.Debug|Any CPU.ActiveCfg = Debug|Any CPU
		{72C7C0B1-D00F-4B9C-BE59-39A54BEAB407}.Debug|Any CPU.Build.0 = Debug|Any CPU
		{72C7C0B1-D00F-4B9C-BE59-39A54BEAB407}.Release|Any CPU.ActiveCfg = Release|Any CPU
		{72C7C0B1-D00F-4B9C-BE59-39A54BEAB407}.Release|Any CPU.Build.0 = Release|Any CPU
		{AC929FCB-B386-48BA-AA94-FC1A939E115C}.Debug|Any CPU.ActiveCfg = Debug|Any CPU
		{AC929FCB-B386-48BA-AA94-FC1A939E115C}.Debug|Any CPU.Build.0 = Debug|Any CPU
		{AC929FCB-B386-48BA-AA94-FC1A939E115C}.Release|Any CPU.ActiveCfg = Release|Any CPU
		{AC929FCB-B386-48BA-AA94-FC1A939E115C}.Release|Any CPU.Build.0 = Release|Any CPU
		{E9D7CB47-333C-4D6F-8254-1BC57C9B20E2}.Debug|Any CPU.ActiveCfg = Debug|Any CPU
		{E9D7CB47-333C-4D6F-8254-1BC57C9B20E2}.Debug|Any CPU.Build.0 = Debug|Any CPU
		{E9D7CB47-333C-4D6F-8254-1BC57C9B20E2}.Release|Any CPU.ActiveCfg = Release|Any CPU
		{E9D7CB47-333C-4D6F-8254-1BC57C9B20E2}.Release|Any CPU.Build.0 = Release|Any CPU
		{04B62247-0110-47C7-8F5F-5722A8CA5270}.Debug|Any CPU.ActiveCfg = Debug|Any CPU
		{04B62247-0110-47C7-8F5F-5722A8CA5270}.Debug|Any CPU.Build.0 = Debug|Any CPU
		{04B62247-0110-47C7-8F5F-5722A8CA5270}.Release|Any CPU.ActiveCfg = Release|Any CPU
		{04B62247-0110-47C7-8F5F-5722A8CA5270}.Release|Any CPU.Build.0 = Release|Any CPU
		{1F6FF26F-778D-4CF6-8026-A67B6AFCE21D}.Debug|Any CPU.ActiveCfg = Debug|Any CPU
		{1F6FF26F-778D-4CF6-8026-A67B6AFCE21D}.Debug|Any CPU.Build.0 = Debug|Any CPU
		{1F6FF26F-778D-4CF6-8026-A67B6AFCE21D}.Release|Any CPU.ActiveCfg = Release|Any CPU
		{1F6FF26F-778D-4CF6-8026-A67B6AFCE21D}.Release|Any CPU.Build.0 = Release|Any CPU
		{8E60ABEE-B148-4BDA-835E-D703495D9320}.Debug|Any CPU.ActiveCfg = Debug|Any CPU
		{8E60ABEE-B148-4BDA-835E-D703495D9320}.Debug|Any CPU.Build.0 = Debug|Any CPU
		{8E60ABEE-B148-4BDA-835E-D703495D9320}.Release|Any CPU.ActiveCfg = Release|Any CPU
		{8E60ABEE-B148-4BDA-835E-D703495D9320}.Release|Any CPU.Build.0 = Release|Any CPU
		{67536120-5BBE-4732-85D0-CA2205B280D6}.Debug|Any CPU.ActiveCfg = Debug|Any CPU
		{67536120-5BBE-4732-85D0-CA2205B280D6}.Debug|Any CPU.Build.0 = Debug|Any CPU
		{67536120-5BBE-4732-85D0-CA2205B280D6}.Release|Any CPU.ActiveCfg = Release|Any CPU
		{67536120-5BBE-4732-85D0-CA2205B280D6}.Release|Any CPU.Build.0 = Release|Any CPU
		{81E3E678-8CF7-4521-955B-F827417F9073}.Debug|Any CPU.ActiveCfg = Debug|Any CPU
		{81E3E678-8CF7-4521-955B-F827417F9073}.Debug|Any CPU.Build.0 = Debug|Any CPU
		{81E3E678-8CF7-4521-955B-F827417F9073}.Release|Any CPU.ActiveCfg = Release|Any CPU
		{81E3E678-8CF7-4521-955B-F827417F9073}.Release|Any CPU.Build.0 = Release|Any CPU
	EndGlobalSection
	GlobalSection(SolutionProperties) = preSolution
		HideSolutionNode = FALSE
	EndGlobalSection
	GlobalSection(ExtensibilityGlobals) = postSolution
		SolutionGuid = {41B4FB58-03AB-4DDC-9467-08847B24F95B}
	EndGlobalSection
EndGlobal
